
Microsoft Visual Studio Solution File, Format Version 12.00
# Visual Studio 15
VisualStudioVersion = 15.0.34112.143
MinimumVisualStudioVersion = 10.0.40219.1
Project("{8BC9CEB8-8B4A-11D0-8D11-00A0C91BC942}") = "RedisListenerConsole", "RedisListenerConsole\RedisListenerConsole.vcxproj", "{B5F2407F-7802-41DF-8366-98EF9641224B}"
EndProject
Project("{8BC9CEB8-8B4A-11D0-8D11-00A0C91BC942}") = "RedisAutoSet", "RedisAutoSet\RedisAutoSet.vcxproj", "{7C489EB2-D556-4D63-84A0-A172E2F42DE7}"
EndProject
Global
	GlobalSection(SolutionConfigurationPlatforms) = preSolution
		Debug|x64 = Debug|x64
		Debug|x86 = Debug|x86
		Release|x64 = Release|x64
		Release|x86 = Release|x86
	EndGlobalSection
	GlobalSection(ProjectConfigurationPlatforms) = postSolution
		{B5F2407F-7802-41DF-8366-98EF9641224B}.Debug|x64.ActiveCfg = Debug|x64
		{B5F2407F-7802-41DF-8366-98EF9641224B}.Debug|x64.Build.0 = Debug|x64
		{B5F2407F-7802-41DF-8366-98EF9641224B}.Debug|x86.ActiveCfg = Debug|Win32
		{B5F2407F-7802-41DF-8366-98EF9641224B}.Debug|x86.Build.0 = Debug|Win32
		{B5F2407F-7802-41DF-8366-98EF9641224B}.Release|x64.ActiveCfg = Release|x64
		{B5F2407F-7802-41DF-8366-98EF9641224B}.Release|x64.Build.0 = Release|x64
		{B5F2407F-7802-41DF-8366-98EF9641224B}.Release|x86.ActiveCfg = Release|Win32
		{B5F2407F-7802-41DF-8366-98EF9641224B}.Release|x86.Build.0 = Release|Win32
		{7C489EB2-D556-4D63-84A0-A172E2F42DE7}.Debug|x64.ActiveCfg = Debug|x64
		{7C489EB2-D556-4D63-84A0-A172E2F42DE7}.Debug|x64.Build.0 = Debug|x64
		{7C489EB2-D556-4D63-84A0-A172E2F42DE7}.Debug|x86.ActiveCfg = Debug|Win32
		{7C489EB2-D556-4D63-84A0-A172E2F42DE7}.Debug|x86.Build.0 = Debug|Win32
		{7C489EB2-D556-4D63-84A0-A172E2F42DE7}.Release|x64.ActiveCfg = Release|x64
		{7C489EB2-D556-4D63-84A0-A172E2F42DE7}.Release|x64.Build.0 = Release|x64
		{7C489EB2-D556-4D63-84A0-A172E2F42DE7}.Release|x86.ActiveCfg = Release|Win32
		{7C489EB2-D556-4D63-84A0-A172E2F42DE7}.Release|x86.Build.0 = Release|Win32
	EndGlobalSection
	GlobalSection(SolutionProperties) = preSolution
		HideSolutionNode = FALSE
	EndGlobalSection
	GlobalSection(ExtensibilityGlobals) = postSolution
		SolutionGuid = {1BBA2E03-5533-43D3-8FBC-C55CF3611B25}
	EndGlobalSection
EndGlobal
